// !$*UTF8*$!
{
	archiveVersion = 1;
	classes = {
	};
	objectVersion = 46;
	objects = {

/* Begin PBXBuildFile section */
		F35034ED1AAC225D0084939C /* main.m in Sources */ = {isa = PBXBuildFile; fileRef = F35034EC1AAC225D0084939C /* main.m */; };
		F35034F01AAC225D0084939C /* AppDelegate.m in Sources */ = {isa = PBXBuildFile; fileRef = F35034EF1AAC225D0084939C /* AppDelegate.m */; };
		F35034F31AAC225D0084939C /* ViewController.m in Sources */ = {isa = PBXBuildFile; fileRef = F35034F21AAC225D0084939C /* ViewController.m */; };
		F35034F61AAC225D0084939C /* Main.storyboard in Resources */ = {isa = PBXBuildFile; fileRef = F35034F41AAC225D0084939C /* Main.storyboard */; };
		F35034F81AAC225D0084939C /* Images.xcassets in Resources */ = {isa = PBXBuildFile; fileRef = F35034F71AAC225D0084939C /* Images.xcassets */; };
		F35034FB1AAC225D0084939C /* LaunchScreen.xib in Resources */ = {isa = PBXBuildFile; fileRef = F35034F91AAC225D0084939C /* LaunchScreen.xib */; };
		F35035071AAC225D0084939C /* FRACCION_CDMXTests.m in Sources */ = {isa = PBXBuildFile; fileRef = F35035061AAC225D0084939C /* FRACCION_CDMXTests.m */; };
		F35035111AAC23770084939C /* acerca_btn.png in Resources */ = {isa = PBXBuildFile; fileRef = F35035101AAC23770084939C /* acerca_btn.png */; };
		F35035131AAC23F60084939C /* logo.png in Resources */ = {isa = PBXBuildFile; fileRef = F35035121AAC23F60084939C /* logo.png */; };
		F35035151AAC23FE0084939C /* bg_carretera.png in Resources */ = {isa = PBXBuildFile; fileRef = F35035141AAC23FE0084939C /* bg_carretera.png */; };
		F35035171AAC24B60084939C /* cdmx_logo.png in Resources */ = {isa = PBXBuildFile; fileRef = F35035161AAC24B60084939C /* cdmx_logo.png */; };
		F35035191AAC250F0084939C /* bg_portada.png in Resources */ = {isa = PBXBuildFile; fileRef = F35035181AAC250F0084939C /* bg_portada.png */; };
		F350351B1AAC29BD0084939C /* bg_top_internas.png in Resources */ = {isa = PBXBuildFile; fileRef = F350351A1AAC29BD0084939C /* bg_top_internas.png */; };
		F350351D1AAC2A5C0084939C /* icon_car.png in Resources */ = {isa = PBXBuildFile; fileRef = F350351C1AAC2A5C0084939C /* icon_car.png */; };
		F350351F1AAC2EBD0084939C /* placa.png in Resources */ = {isa = PBXBuildFile; fileRef = F350351E1AAC2EBD0084939C /* placa.png */; };
		F35035221AAC31540084939C /* ListaPoliciasViewController.m in Sources */ = {isa = PBXBuildFile; fileRef = F35035211AAC31540084939C /* ListaPoliciasViewController.m */; };
		F35035251AACA5D30084939C /* PersonDetailViewController.m in Sources */ = {isa = PBXBuildFile; fileRef = F35035241AACA5D30084939C /* PersonDetailViewController.m */; };
		F35035281AACCDC30084939C /* ListaInfraccionesViewController.m in Sources */ = {isa = PBXBuildFile; fileRef = F35035271AACCDC30084939C /* ListaInfraccionesViewController.m */; };
		F350352B1AACCF5D0084939C /* InfractionDetailViewController.m in Sources */ = {isa = PBXBuildFile; fileRef = F350352A1AACCF5D0084939C /* InfractionDetailViewController.m */; };
/* End PBXBuildFile section */

/* Begin PBXContainerItemProxy section */
		F35035011AAC225D0084939C /* PBXContainerItemProxy */ = {
			isa = PBXContainerItemProxy;
			containerPortal = F35034DF1AAC225C0084939C /* Project object */;
			proxyType = 1;
			remoteGlobalIDString = F35034E61AAC225D0084939C;
			remoteInfo = "FRACCION-CDMX";
		};
/* End PBXContainerItemProxy section */

/* Begin PBXFileReference section */
		F35034E71AAC225D0084939C /* FRACCION-CDMX.app */ = {isa = PBXFileReference; explicitFileType = wrapper.application; includeInIndex = 0; path = "FRACCION-CDMX.app"; sourceTree = BUILT_PRODUCTS_DIR; };
		F35034EB1AAC225D0084939C /* Info.plist */ = {isa = PBXFileReference; lastKnownFileType = text.plist.xml; path = Info.plist; sourceTree = "<group>"; };
		F35034EC1AAC225D0084939C /* main.m */ = {isa = PBXFileReference; lastKnownFileType = sourcecode.c.objc; path = main.m; sourceTree = "<group>"; };
		F35034EE1AAC225D0084939C /* AppDelegate.h */ = {isa = PBXFileReference; lastKnownFileType = sourcecode.c.h; path = AppDelegate.h; sourceTree = "<group>"; };
		F35034EF1AAC225D0084939C /* AppDelegate.m */ = {isa = PBXFileReference; lastKnownFileType = sourcecode.c.objc; path = AppDelegate.m; sourceTree = "<group>"; };
		F35034F11AAC225D0084939C /* ViewController.h */ = {isa = PBXFileReference; lastKnownFileType = sourcecode.c.h; path = ViewController.h; sourceTree = "<group>"; };
		F35034F21AAC225D0084939C /* ViewController.m */ = {isa = PBXFileReference; lastKnownFileType = sourcecode.c.objc; path = ViewController.m; sourceTree = "<group>"; };
		F35034F51AAC225D0084939C /* Base */ = {isa = PBXFileReference; lastKnownFileType = file.storyboard; name = Base; path = Base.lproj/Main.storyboard; sourceTree = "<group>"; };
		F35034F71AAC225D0084939C /* Images.xcassets */ = {isa = PBXFileReference; lastKnownFileType = folder.assetcatalog; path = Images.xcassets; sourceTree = "<group>"; };
		F35034FA1AAC225D0084939C /* Base */ = {isa = PBXFileReference; lastKnownFileType = file.xib; name = Base; path = Base.lproj/LaunchScreen.xib; sourceTree = "<group>"; };
		F35035001AAC225D0084939C /* FRACCION-CDMXTests.xctest */ = {isa = PBXFileReference; explicitFileType = wrapper.cfbundle; includeInIndex = 0; path = "FRACCION-CDMXTests.xctest"; sourceTree = BUILT_PRODUCTS_DIR; };
		F35035051AAC225D0084939C /* Info.plist */ = {isa = PBXFileReference; lastKnownFileType = text.plist.xml; path = Info.plist; sourceTree = "<group>"; };
		F35035061AAC225D0084939C /* FRACCION_CDMXTests.m */ = {isa = PBXFileReference; lastKnownFileType = sourcecode.c.objc; path = FRACCION_CDMXTests.m; sourceTree = "<group>"; };
		F35035101AAC23770084939C /* acerca_btn.png */ = {isa = PBXFileReference; lastKnownFileType = image.png; path = acerca_btn.png; sourceTree = "<group>"; };
		F35035121AAC23F60084939C /* logo.png */ = {isa = PBXFileReference; lastKnownFileType = image.png; path = logo.png; sourceTree = "<group>"; };
		F35035141AAC23FE0084939C /* bg_carretera.png */ = {isa = PBXFileReference; lastKnownFileType = image.png; path = bg_carretera.png; sourceTree = "<group>"; };
		F35035161AAC24B60084939C /* cdmx_logo.png */ = {isa = PBXFileReference; lastKnownFileType = image.png; path = cdmx_logo.png; sourceTree = "<group>"; };
		F35035181AAC250F0084939C /* bg_portada.png */ = {isa = PBXFileReference; lastKnownFileType = image.png; path = bg_portada.png; sourceTree = "<group>"; };
		F350351A1AAC29BD0084939C /* bg_top_internas.png */ = {isa = PBXFileReference; lastKnownFileType = image.png; path = bg_top_internas.png; sourceTree = "<group>"; };
		F350351C1AAC2A5C0084939C /* icon_car.png */ = {isa = PBXFileReference; lastKnownFileType = image.png; path = icon_car.png; sourceTree = "<group>"; };
		F350351E1AAC2EBD0084939C /* placa.png */ = {isa = PBXFileReference; lastKnownFileType = image.png; path = placa.png; sourceTree = "<group>"; };
		F35035201AAC31540084939C /* ListaPoliciasViewController.h */ = {isa = PBXFileReference; fileEncoding = 4; lastKnownFileType = sourcecode.c.h; path = ListaPoliciasViewController.h; sourceTree = "<group>"; };
		F35035211AAC31540084939C /* ListaPoliciasViewController.m */ = {isa = PBXFileReference; fileEncoding = 4; lastKnownFileType = sourcecode.c.objc; path = ListaPoliciasViewController.m; sourceTree = "<group>"; };
		F35035231AACA5D30084939C /* PersonDetailViewController.h */ = {isa = PBXFileReference; fileEncoding = 4; lastKnownFileType = sourcecode.c.h; path = PersonDetailViewController.h; sourceTree = "<group>"; };
		F35035241AACA5D30084939C /* PersonDetailViewController.m */ = {isa = PBXFileReference; fileEncoding = 4; lastKnownFileType = sourcecode.c.objc; path = PersonDetailViewController.m; sourceTree = "<group>"; };
		F35035261AACCDC30084939C /* ListaInfraccionesViewController.h */ = {isa = PBXFileReference; fileEncoding = 4; lastKnownFileType = sourcecode.c.h; path = ListaInfraccionesViewController.h; sourceTree = "<group>"; };
		F35035271AACCDC30084939C /* ListaInfraccionesViewController.m */ = {isa = PBXFileReference; fileEncoding = 4; lastKnownFileType = sourcecode.c.objc; path = ListaInfraccionesViewController.m; sourceTree = "<group>"; };
		F35035291AACCF5D0084939C /* InfractionDetailViewController.h */ = {isa = PBXFileReference; fileEncoding = 4; lastKnownFileType = sourcecode.c.h; path = InfractionDetailViewController.h; sourceTree = "<group>"; };
		F350352A1AACCF5D0084939C /* InfractionDetailViewController.m */ = {isa = PBXFileReference; fileEncoding = 4; lastKnownFileType = sourcecode.c.objc; path = InfractionDetailViewController.m; sourceTree = "<group>"; };
/* End PBXFileReference section */

/* Begin PBXFrameworksBuildPhase section */
		F35034E41AAC225D0084939C /* Frameworks */ = {
			isa = PBXFrameworksBuildPhase;
			buildActionMask = 2147483647;
			files = (
			);
			runOnlyForDeploymentPostprocessing = 0;
		};
		F35034FD1AAC225D0084939C /* Frameworks */ = {
			isa = PBXFrameworksBuildPhase;
			buildActionMask = 2147483647;
			files = (
			);
			runOnlyForDeploymentPostprocessing = 0;
		};
/* End PBXFrameworksBuildPhase section */

/* Begin PBXGroup section */
		F35034DE1AAC225C0084939C = {
			isa = PBXGroup;
			children = (
				F35034E91AAC225D0084939C /* FRACCION-CDMX */,
				F35035031AAC225D0084939C /* FRACCION-CDMXTests */,
				F35034E81AAC225D0084939C /* Products */,
			);
			sourceTree = "<group>";
		};
		F35034E81AAC225D0084939C /* Products */ = {
			isa = PBXGroup;
			children = (
				F35034E71AAC225D0084939C /* FRACCION-CDMX.app */,
				F35035001AAC225D0084939C /* FRACCION-CDMXTests.xctest */,
			);
			name = Products;
			sourceTree = "<group>";
		};
		F35034E91AAC225D0084939C /* FRACCION-CDMX */ = {
			isa = PBXGroup;
			children = (
				F350351C1AAC2A5C0084939C /* icon_car.png */,
				F35035101AAC23770084939C /* acerca_btn.png */,
				F35035141AAC23FE0084939C /* bg_carretera.png */,
				F350351A1AAC29BD0084939C /* bg_top_internas.png */,
				F35035161AAC24B60084939C /* cdmx_logo.png */,
				F35035121AAC23F60084939C /* logo.png */,
				F350351E1AAC2EBD0084939C /* placa.png */,
				F35035181AAC250F0084939C /* bg_portada.png */,
				F35034EE1AAC225D0084939C /* AppDelegate.h */,
				F35034EF1AAC225D0084939C /* AppDelegate.m */,
				F35034F11AAC225D0084939C /* ViewController.h */,
				F35034F21AAC225D0084939C /* ViewController.m */,
				F35034F41AAC225D0084939C /* Main.storyboard */,
				F35035291AACCF5D0084939C /* InfractionDetailViewController.h */,
				F350352A1AACCF5D0084939C /* InfractionDetailViewController.m */,
				F35035231AACA5D30084939C /* PersonDetailViewController.h */,
				F35035241AACA5D30084939C /* PersonDetailViewController.m */,
				F35035201AAC31540084939C /* ListaPoliciasViewController.h */,
				F35035211AAC31540084939C /* ListaPoliciasViewController.m */,
				F35035261AACCDC30084939C /* ListaInfraccionesViewController.h */,
				F35035271AACCDC30084939C /* ListaInfraccionesViewController.m */,
				F35034F71AAC225D0084939C /* Images.xcassets */,
				F35034F91AAC225D0084939C /* LaunchScreen.xib */,
				F35034EA1AAC225D0084939C /* Supporting Files */,
			);
			path = "FRACCION-CDMX";
			sourceTree = "<group>";
		};
		F35034EA1AAC225D0084939C /* Supporting Files */ = {
			isa = PBXGroup;
			children = (
				F35034EB1AAC225D0084939C /* Info.plist */,
				F35034EC1AAC225D0084939C /* main.m */,
			);
			name = "Supporting Files";
			sourceTree = "<group>";
		};
		F35035031AAC225D0084939C /* FRACCION-CDMXTests */ = {
			isa = PBXGroup;
			children = (
				F35035061AAC225D0084939C /* FRACCION_CDMXTests.m */,
				F35035041AAC225D0084939C /* Supporting Files */,
			);
			path = "FRACCION-CDMXTests";
			sourceTree = "<group>";
		};
		F35035041AAC225D0084939C /* Supporting Files */ = {
			isa = PBXGroup;
			children = (
				F35035051AAC225D0084939C /* Info.plist */,
			);
			name = "Supporting Files";
			sourceTree = "<group>";
		};
/* End PBXGroup section */

/* Begin PBXNativeTarget section */
		F35034E61AAC225D0084939C /* FRACCION-CDMX */ = {
			isa = PBXNativeTarget;
			buildConfigurationList = F350350A1AAC225D0084939C /* Build configuration list for PBXNativeTarget "FRACCION-CDMX" */;
			buildPhases = (
				F35034E31AAC225D0084939C /* Sources */,
				F35034E41AAC225D0084939C /* Frameworks */,
				F35034E51AAC225D0084939C /* Resources */,
			);
			buildRules = (
			);
			dependencies = (
			);
			name = "FRACCION-CDMX";
			productName = "FRACCION-CDMX";
			productReference = F35034E71AAC225D0084939C /* FRACCION-CDMX.app */;
			productType = "com.apple.product-type.application";
		};
		F35034FF1AAC225D0084939C /* FRACCION-CDMXTests */ = {
			isa = PBXNativeTarget;
			buildConfigurationList = F350350D1AAC225D0084939C /* Build configuration list for PBXNativeTarget "FRACCION-CDMXTests" */;
			buildPhases = (
				F35034FC1AAC225D0084939C /* Sources */,
				F35034FD1AAC225D0084939C /* Frameworks */,
				F35034FE1AAC225D0084939C /* Resources */,
			);
			buildRules = (
			);
			dependencies = (
				F35035021AAC225D0084939C /* PBXTargetDependency */,
			);
			name = "FRACCION-CDMXTests";
			productName = "FRACCION-CDMXTests";
			productReference = F35035001AAC225D0084939C /* FRACCION-CDMXTests.xctest */;
			productType = "com.apple.product-type.bundle.unit-test";
		};
/* End PBXNativeTarget section */

/* Begin PBXProject section */
		F35034DF1AAC225C0084939C /* Project object */ = {
			isa = PBXProject;
			attributes = {
				LastUpgradeCheck = 0610;
				ORGANIZATIONNAME = "Carlos Castellanos";
				TargetAttributes = {
					F35034E61AAC225D0084939C = {
						CreatedOnToolsVersion = 6.1.1;
					};
					F35034FF1AAC225D0084939C = {
						CreatedOnToolsVersion = 6.1.1;
						TestTargetID = F35034E61AAC225D0084939C;
					};
				};
			};
			buildConfigurationList = F35034E21AAC225C0084939C /* Build configuration list for PBXProject "FRACCION-CDMX" */;
			compatibilityVersion = "Xcode 3.2";
			developmentRegion = English;
			hasScannedForEncodings = 0;
			knownRegions = (
				en,
				Base,
			);
			mainGroup = F35034DE1AAC225C0084939C;
			productRefGroup = F35034E81AAC225D0084939C /* Products */;
			projectDirPath = "";
			projectRoot = "";
			targets = (
				F35034E61AAC225D0084939C /* FRACCION-CDMX */,
				F35034FF1AAC225D0084939C /* FRACCION-CDMXTests */,
			);
		};
/* End PBXProject section */

/* Begin PBXResourcesBuildPhase section */
		F35034E51AAC225D0084939C /* Resources */ = {
			isa = PBXResourcesBuildPhase;
			buildActionMask = 2147483647;
			files = (
				F35034F61AAC225D0084939C /* Main.storyboard in Resources */,
				F350351F1AAC2EBD0084939C /* placa.png in Resources */,
				F350351D1AAC2A5C0084939C /* icon_car.png in Resources */,
				F35035131AAC23F60084939C /* logo.png in Resources */,
				F35035171AAC24B60084939C /* cdmx_logo.png in Resources */,
				F35034FB1AAC225D0084939C /* LaunchScreen.xib in Resources */,
				F35035191AAC250F0084939C /* bg_portada.png in Resources */,
				F35034F81AAC225D0084939C /* Images.xcassets in Resources */,
				F35035151AAC23FE0084939C /* bg_carretera.png in Resources */,
				F350351B1AAC29BD0084939C /* bg_top_internas.png in Resources */,
				F35035111AAC23770084939C /* acerca_btn.png in Resources */,
			);
			runOnlyForDeploymentPostprocessing = 0;
		};
		F35034FE1AAC225D0084939C /* Resources */ = {
			isa = PBXResourcesBuildPhase;
			buildActionMask = 2147483647;
			files = (
			);
			runOnlyForDeploymentPostprocessing = 0;
		};
/* End PBXResourcesBuildPhase section */

/* Begin PBXSourcesBuildPhase section */
		F35034E31AAC225D0084939C /* Sources */ = {
			isa = PBXSourcesBuildPhase;
			buildActionMask = 2147483647;
			files = (
				F35035281AACCDC30084939C /* ListaInfraccionesViewController.m in Sources */,
				F35035221AAC31540084939C /* ListaPoliciasViewController.m in Sources */,
				F35035251AACA5D30084939C /* PersonDetailViewController.m in Sources */,
				F35034F31AAC225D0084939C /* ViewController.m in Sources */,
				F350352B1AACCF5D0084939C /* InfractionDetailViewController.m in Sources */,
				F35034F01AAC225D0084939C /* AppDelegate.m in Sources */,
				F35034ED1AAC225D0084939C /* main.m in Sources */,
			);
			runOnlyForDeploymentPostprocessing = 0;
		};
		F35034FC1AAC225D0084939C /* Sources */ = {
			isa = PBXSourcesBuildPhase;
			buildActionMask = 2147483647;
			files = (
				F35035071AAC225D0084939C /* FRACCION_CDMXTests.m in Sources */,
			);
			runOnlyForDeploymentPostprocessing = 0;
		};
/* End PBXSourcesBuildPhase section */

/* Begin PBXTargetDependency section */
		F35035021AAC225D0084939C /* PBXTargetDependency */ = {
			isa = PBXTargetDependency;
			target = F35034E61AAC225D0084939C /* FRACCION-CDMX */;
			targetProxy = F35035011AAC225D0084939C /* PBXContainerItemProxy */;
		};
/* End PBXTargetDependency section */

/* Begin PBXVariantGroup section */
		F35034F41AAC225D0084939C /* Main.storyboard */ = {
			isa = PBXVariantGroup;
			children = (
				F35034F51AAC225D0084939C /* Base */,
			);
			name = Main.storyboard;
			sourceTree = "<group>";
		};
		F35034F91AAC225D0084939C /* LaunchScreen.xib */ = {
			isa = PBXVariantGroup;
			children = (
				F35034FA1AAC225D0084939C /* Base */,
			);
			name = LaunchScreen.xib;
			sourceTree = "<group>";
		};
/* End PBXVariantGroup section */

/* Begin XCBuildConfiguration section */
		F35035081AAC225D0084939C /* Debug */ = {
			isa = XCBuildConfiguration;
			buildSettings = {
				ALWAYS_SEARCH_USER_PATHS = NO;
				CLANG_CXX_LANGUAGE_STANDARD = "gnu++0x";
				CLANG_CXX_LIBRARY = "libc++";
				CLANG_ENABLE_MODULES = YES;
				CLANG_ENABLE_OBJC_ARC = YES;
				CLANG_WARN_BOOL_CONVERSION = YES;
				CLANG_WARN_CONSTANT_CONVERSION = YES;
				CLANG_WARN_DIRECT_OBJC_ISA_USAGE = YES_ERROR;
				CLANG_WARN_EMPTY_BODY = YES;
				CLANG_WARN_ENUM_CONVERSION = YES;
				CLANG_WARN_INT_CONVERSION = YES;
				CLANG_WARN_OBJC_ROOT_CLASS = YES_ERROR;
				CLANG_WARN_UNREACHABLE_CODE = YES;
				CLANG_WARN__DUPLICATE_METHOD_MATCH = YES;
				"CODE_SIGN_IDENTITY[sdk=iphoneos*]" = "iPhone Developer";
				COPY_PHASE_STRIP = NO;
				ENABLE_STRICT_OBJC_MSGSEND = YES;
				GCC_C_LANGUAGE_STANDARD = gnu99;
				GCC_DYNAMIC_NO_PIC = NO;
				GCC_OPTIMIZATION_LEVEL = 0;
				GCC_PREPROCESSOR_DEFINITIONS = (
					"DEBUG=1",
					"$(inherited)",
				);
				GCC_SYMBOLS_PRIVATE_EXTERN = NO;
				GCC_WARN_64_TO_32_BIT_CONVERSION = YES;
				GCC_WARN_ABOUT_RETURN_TYPE = YES_ERROR;
				GCC_WARN_UNDECLARED_SELECTOR = YES;
				GCC_WARN_UNINITIALIZED_AUTOS = YES_AGGRESSIVE;
				GCC_WARN_UNUSED_FUNCTION = YES;
				GCC_WARN_UNUSED_VARIABLE = YES;
				IPHONEOS_DEPLOYMENT_TARGET = 8.1;
				MTL_ENABLE_DEBUG_INFO = YES;
				ONLY_ACTIVE_ARCH = YES;
				SDKROOT = iphoneos;
			};
			name = Debug;
		};
		F35035091AAC225D0084939C /* Release */ = {
			isa = XCBuildConfiguration;
			buildSettings = {
				ALWAYS_SEARCH_USER_PATHS = NO;
				CLANG_CXX_LANGUAGE_STANDARD = "gnu++0x";
				CLANG_CXX_LIBRARY = "libc++";
				CLANG_ENABLE_MODULES = YES;
				CLANG_ENABLE_OBJC_ARC = YES;
				CLANG_WARN_BOOL_CONVERSION = YES;
				CLANG_WARN_CONSTANT_CONVERSION = YES;
				CLANG_WARN_DIRECT_OBJC_ISA_USAGE = YES_ERROR;
				CLANG_WARN_EMPTY_BODY = YES;
				CLANG_WARN_ENUM_CONVERSION = YES;
				CLANG_WARN_INT_CONVERSION = YES;
				CLANG_WARN_OBJC_ROOT_CLASS = YES_ERROR;
				CLANG_WARN_UNREACHABLE_CODE = YES;
				CLANG_WARN__DUPLICATE_METHOD_MATCH = YES;
				"CODE_SIGN_IDENTITY[sdk=iphoneos*]" = "iPhone Developer";
				COPY_PHASE_STRIP = YES;
				ENABLE_NS_ASSERTIONS = NO;
				ENABLE_STRICT_OBJC_MSGSEND = YES;
				GCC_C_LANGUAGE_STANDARD = gnu99;
				GCC_WARN_64_TO_32_BIT_CONVERSION = YES;
				GCC_WARN_ABOUT_RETURN_TYPE = YES_ERROR;
				GCC_WARN_UNDECLARED_SELECTOR = YES;
				GCC_WARN_UNINITIALIZED_AUTOS = YES_AGGRESSIVE;
				GCC_WARN_UNUSED_FUNCTION = YES;
				GCC_WARN_UNUSED_VARIABLE = YES;
				IPHONEOS_DEPLOYMENT_TARGET = 8.1;
				MTL_ENABLE_DEBUG_INFO = NO;
				SDKROOT = iphoneos;
				VALIDATE_PRODUCT = YES;
			};
			name = Release;
		};
		F350350B1AAC225D0084939C /* Debug */ = {
			isa = XCBuildConfiguration;
			buildSettings = {
				ASSETCATALOG_COMPILER_APPICON_NAME = AppIcon;
				INFOPLIST_FILE = "FRACCION-CDMX/Info.plist";
				LD_RUNPATH_SEARCH_PATHS = "$(inherited) @executable_path/Frameworks";
				PRODUCT_NAME = "$(TARGET_NAME)";
			};
			name = Debug;
		};
		F350350C1AAC225D0084939C /* Release */ = {
			isa = XCBuildConfiguration;
			buildSettings = {
				ASSETCATALOG_COMPILER_APPICON_NAME = AppIcon;
				INFOPLIST_FILE = "FRACCION-CDMX/Info.plist";
				LD_RUNPATH_SEARCH_PATHS = "$(inherited) @executable_path/Frameworks";
				PRODUCT_NAME = "$(TARGET_NAME)";
			};
			name = Release;
		};
		F350350E1AAC225D0084939C /* Debug */ = {
			isa = XCBuildConfiguration;
			buildSettings = {
				BUNDLE_LOADER = "$(TEST_HOST)";
				FRAMEWORK_SEARCH_PATHS = (
					"$(SDKROOT)/Developer/Library/Frameworks",
					"$(inherited)",
				);
				GCC_PREPROCESSOR_DEFINITIONS = (
					"DEBUG=1",
					"$(inherited)",
				);
				INFOPLIST_FILE = "FRACCION-CDMXTests/Info.plist";
				LD_RUNPATH_SEARCH_PATHS = "$(inherited) @executable_path/Frameworks @loader_path/Frameworks";
				PRODUCT_NAME = "$(TARGET_NAME)";
				TEST_HOST = "$(BUILT_PRODUCTS_DIR)/FRACCION-CDMX.app/FRACCION-CDMX";
			};
			name = Debug;
		};
		F350350F1AAC225D0084939C /* Release */ = {
			isa = XCBuildConfiguration;
			buildSettings = {
				BUNDLE_LOADER = "$(TEST_HOST)";
				FRAMEWORK_SEARCH_PATHS = (
					"$(SDKROOT)/Developer/Library/Frameworks",
					"$(inherited)",
				);
				INFOPLIST_FILE = "FRACCION-CDMXTests/Info.plist";
				LD_RUNPATH_SEARCH_PATHS = "$(inherited) @executable_path/Frameworks @loader_path/Frameworks";
				PRODUCT_NAME = "$(TARGET_NAME)";
				TEST_HOST = "$(BUILT_PRODUCTS_DIR)/FRACCION-CDMX.app/FRACCION-CDMX";
			};
			name = Release;
		};
/* End XCBuildConfiguration section */

/* Begin XCConfigurationList section */
		F35034E21AAC225C0084939C /* Build configuration list for PBXProject "FRACCION-CDMX" */ = {
			isa = XCConfigurationList;
			buildConfigurations = (
				F35035081AAC225D0084939C /* Debug */,
				F35035091AAC225D0084939C /* Release */,
			);
			defaultConfigurationIsVisible = 0;
			defaultConfigurationName = Release;
		};
		F350350A1AAC225D0084939C /* Build configuration list for PBXNativeTarget "FRACCION-CDMX" */ = {
			isa = XCConfigurationList;
			buildConfigurations = (
				F350350B1AAC225D0084939C /* Debug */,
				F350350C1AAC225D0084939C /* Release */,
			);
			defaultConfigurationIsVisible = 0;
		};
		F350350D1AAC225D0084939C /* Build configuration list for PBXNativeTarget "FRACCION-CDMXTests" */ = {
			isa = XCConfigurationList;
			buildConfigurations = (
				F350350E1AAC225D0084939C /* Debug */,
				F350350F1AAC225D0084939C /* Release */,
			);
			defaultConfigurationIsVisible = 0;
		};
/* End XCConfigurationList section */
	};
	rootObject = F35034DF1AAC225C0084939C /* Project object */;
}
